// !$*UTF8*$!
{
	archiveVersion = 1;
	classes = {
	};
	objectVersion = 55;
	objects = {

/* Begin PBXBuildFile section */
		C4CF839327F37AA5002A092E /* AppDelegate.swift in Sources */ = {isa = PBXBuildFile; fileRef = C4CF839227F37AA5002A092E /* AppDelegate.swift */; };
		C4CF839C27F37AA8002A092E /* Assets.xcassets in Resources */ = {isa = PBXBuildFile; fileRef = C4CF839B27F37AA8002A092E /* Assets.xcassets */; };
		C4CF839F27F37AA8002A092E /* LaunchScreen.storyboard in Resources */ = {isa = PBXBuildFile; fileRef = C4CF839D27F37AA8002A092E /* LaunchScreen.storyboard */; };
		C4CF83AA27F37AA9002A092E /* TodoAppTests.swift in Sources */ = {isa = PBXBuildFile; fileRef = C4CF83A927F37AA9002A092E /* TodoAppTests.swift */; };
		C4CF83B427F37AA9002A092E /* TodoAppUITests.swift in Sources */ = {isa = PBXBuildFile; fileRef = C4CF83B327F37AA9002A092E /* TodoAppUITests.swift */; };
		C4CF83B627F37AA9002A092E /* TodoAppUITestsLaunchTests.swift in Sources */ = {isa = PBXBuildFile; fileRef = C4CF83B527F37AA9002A092E /* TodoAppUITestsLaunchTests.swift */; };
		C4CF83C327F37BE8002A092E /* AppCoordinator.swift in Sources */ = {isa = PBXBuildFile; fileRef = C4CF83C227F37BE8002A092E /* AppCoordinator.swift */; };
		C4CF83EA27F381B4002A092E /* ServiceLocator.framework in Frameworks */ = {isa = PBXBuildFile; fileRef = C4CF83E927F381B4002A092E /* ServiceLocator.framework */; };
		C4CF83EB27F381B4002A092E /* ServiceLocator.framework in Embed Frameworks */ = {isa = PBXBuildFile; fileRef = C4CF83E927F381B4002A092E /* ServiceLocator.framework */; settings = {ATTRIBUTES = (CodeSignOnCopy, RemoveHeadersOnCopy, ); }; };
		C4CF841E27F38369002A092E /* Home.framework in Frameworks */ = {isa = PBXBuildFile; fileRef = C4CF841D27F38369002A092E /* Home.framework */; };
		C4CF841F27F38369002A092E /* Home.framework in Embed Frameworks */ = {isa = PBXBuildFile; fileRef = C4CF841D27F38369002A092E /* Home.framework */; settings = {ATTRIBUTES = (CodeSignOnCopy, RemoveHeadersOnCopy, ); }; };
/* End PBXBuildFile section */

/* Begin PBXContainerItemProxy section */
		C4CF83A627F37AA9002A092E /* PBXContainerItemProxy */ = {
			isa = PBXContainerItemProxy;
			containerPortal = C4CF838727F37AA5002A092E /* Project object */;
			proxyType = 1;
			remoteGlobalIDString = C4CF838E27F37AA5002A092E;
			remoteInfo = TodoApp;
		};
		C4CF83B027F37AA9002A092E /* PBXContainerItemProxy */ = {
			isa = PBXContainerItemProxy;
			containerPortal = C4CF838727F37AA5002A092E /* Project object */;
			proxyType = 1;
			remoteGlobalIDString = C4CF838E27F37AA5002A092E;
			remoteInfo = TodoApp;
		};
/* End PBXContainerItemProxy section */

/* Begin PBXCopyFilesBuildPhase section */
		C4CF83EC27F381B4002A092E /* Embed Frameworks */ = {
			isa = PBXCopyFilesBuildPhase;
			buildActionMask = 2147483647;
			dstPath = "";
			dstSubfolderSpec = 10;
			files = (
				C4CF83EB27F381B4002A092E /* ServiceLocator.framework in Embed Frameworks */,
				C4CF841F27F38369002A092E /* Home.framework in Embed Frameworks */,
			);
			name = "Embed Frameworks";
			runOnlyForDeploymentPostprocessing = 0;
		};
/* End PBXCopyFilesBuildPhase section */

/* Begin PBXFileReference section */
		C4CF838F27F37AA5002A092E /* TodoApp.app */ = {isa = PBXFileReference; explicitFileType = wrapper.application; includeInIndex = 0; path = TodoApp.app; sourceTree = BUILT_PRODUCTS_DIR; };
		C4CF839227F37AA5002A092E /* AppDelegate.swift */ = {isa = PBXFileReference; lastKnownFileType = sourcecode.swift; path = AppDelegate.swift; sourceTree = "<group>"; };
		C4CF839B27F37AA8002A092E /* Assets.xcassets */ = {isa = PBXFileReference; lastKnownFileType = folder.assetcatalog; path = Assets.xcassets; sourceTree = "<group>"; };
		C4CF839E27F37AA8002A092E /* Base */ = {isa = PBXFileReference; lastKnownFileType = file.storyboard; name = Base; path = Base.lproj/LaunchScreen.storyboard; sourceTree = "<group>"; };
		C4CF83A027F37AA8002A092E /* Info.plist */ = {isa = PBXFileReference; lastKnownFileType = text.plist.xml; path = Info.plist; sourceTree = "<group>"; };
		C4CF83A527F37AA9002A092E /* TodoAppTests.xctest */ = {isa = PBXFileReference; explicitFileType = wrapper.cfbundle; includeInIndex = 0; path = TodoAppTests.xctest; sourceTree = BUILT_PRODUCTS_DIR; };
		C4CF83A927F37AA9002A092E /* TodoAppTests.swift */ = {isa = PBXFileReference; lastKnownFileType = sourcecode.swift; path = TodoAppTests.swift; sourceTree = "<group>"; };
		C4CF83AF27F37AA9002A092E /* TodoAppUITests.xctest */ = {isa = PBXFileReference; explicitFileType = wrapper.cfbundle; includeInIndex = 0; path = TodoAppUITests.xctest; sourceTree = BUILT_PRODUCTS_DIR; };
		C4CF83B327F37AA9002A092E /* TodoAppUITests.swift */ = {isa = PBXFileReference; lastKnownFileType = sourcecode.swift; path = TodoAppUITests.swift; sourceTree = "<group>"; };
		C4CF83B527F37AA9002A092E /* TodoAppUITestsLaunchTests.swift */ = {isa = PBXFileReference; lastKnownFileType = sourcecode.swift; path = TodoAppUITestsLaunchTests.swift; sourceTree = "<group>"; };
		C4CF83C227F37BE8002A092E /* AppCoordinator.swift */ = {isa = PBXFileReference; lastKnownFileType = sourcecode.swift; path = AppCoordinator.swift; sourceTree = "<group>"; };
		C4CF83E927F381B4002A092E /* ServiceLocator.framework */ = {isa = PBXFileReference; explicitFileType = wrapper.framework; path = ServiceLocator.framework; sourceTree = BUILT_PRODUCTS_DIR; };
		C4CF841D27F38369002A092E /* Home.framework */ = {isa = PBXFileReference; explicitFileType = wrapper.framework; path = Home.framework; sourceTree = BUILT_PRODUCTS_DIR; };
/* End PBXFileReference section */

/* Begin PBXFrameworksBuildPhase section */
		C4CF838C27F37AA5002A092E /* Frameworks */ = {
			isa = PBXFrameworksBuildPhase;
			buildActionMask = 2147483647;
			files = (
				C4CF83EA27F381B4002A092E /* ServiceLocator.framework in Frameworks */,
				C4CF841E27F38369002A092E /* Home.framework in Frameworks */,
			);
			runOnlyForDeploymentPostprocessing = 0;
		};
		C4CF83A227F37AA9002A092E /* Frameworks */ = {
			isa = PBXFrameworksBuildPhase;
			buildActionMask = 2147483647;
			files = (
			);
			runOnlyForDeploymentPostprocessing = 0;
		};
		C4CF83AC27F37AA9002A092E /* Frameworks */ = {
			isa = PBXFrameworksBuildPhase;
			buildActionMask = 2147483647;
			files = (
			);
			runOnlyForDeploymentPostprocessing = 0;
		};
/* End PBXFrameworksBuildPhase section */

/* Begin PBXGroup section */
		C4CF838627F37AA5002A092E = {
			isa = PBXGroup;
			children = (
				C4CF839127F37AA5002A092E /* TodoApp */,
				C4CF83A827F37AA9002A092E /* TodoAppTests */,
				C4CF83B227F37AA9002A092E /* TodoAppUITests */,
				C4CF839027F37AA5002A092E /* Products */,
				C4CF83E827F381B4002A092E /* Frameworks */,
			);
			sourceTree = "<group>";
		};
		C4CF839027F37AA5002A092E /* Products */ = {
			isa = PBXGroup;
			children = (
				C4CF838F27F37AA5002A092E /* TodoApp.app */,
				C4CF83A527F37AA9002A092E /* TodoAppTests.xctest */,
				C4CF83AF27F37AA9002A092E /* TodoAppUITests.xctest */,
			);
			name = Products;
			sourceTree = "<group>";
		};
		C4CF839127F37AA5002A092E /* TodoApp */ = {
			isa = PBXGroup;
			children = (
				C4CF839227F37AA5002A092E /* AppDelegate.swift */,
				C4CF839B27F37AA8002A092E /* Assets.xcassets */,
				C4CF839D27F37AA8002A092E /* LaunchScreen.storyboard */,
				C4CF83A027F37AA8002A092E /* Info.plist */,
				C4CF83C227F37BE8002A092E /* AppCoordinator.swift */,
			);
			path = TodoApp;
			sourceTree = "<group>";
		};
		C4CF83A827F37AA9002A092E /* TodoAppTests */ = {
			isa = PBXGroup;
			children = (
				C4CF83A927F37AA9002A092E /* TodoAppTests.swift */,
			);
			path = TodoAppTests;
			sourceTree = "<group>";
		};
		C4CF83B227F37AA9002A092E /* TodoAppUITests */ = {
			isa = PBXGroup;
			children = (
				C4CF83B327F37AA9002A092E /* TodoAppUITests.swift */,
				C4CF83B527F37AA9002A092E /* TodoAppUITestsLaunchTests.swift */,
			);
			path = TodoAppUITests;
			sourceTree = "<group>";
		};
		C4CF83E827F381B4002A092E /* Frameworks */ = {
			isa = PBXGroup;
			children = (
				C4CF841D27F38369002A092E /* Home.framework */,
				C4CF83E927F381B4002A092E /* ServiceLocator.framework */,
			);
			name = Frameworks;
			sourceTree = "<group>";
		};
/* End PBXGroup section */

/* Begin PBXNativeTarget section */
		C4CF838E27F37AA5002A092E /* TodoApp */ = {
			isa = PBXNativeTarget;
			buildConfigurationList = C4CF83B927F37AA9002A092E /* Build configuration list for PBXNativeTarget "TodoApp" */;
			buildPhases = (
				C4CF838B27F37AA5002A092E /* Sources */,
				C4CF838C27F37AA5002A092E /* Frameworks */,
				C4CF838D27F37AA5002A092E /* Resources */,
				C4CF83EC27F381B4002A092E /* Embed Frameworks */,
			);
			buildRules = (
			);
			dependencies = (
			);
			name = TodoApp;
			productName = TodoApp;
			productReference = C4CF838F27F37AA5002A092E /* TodoApp.app */;
			productType = "com.apple.product-type.application";
		};
		C4CF83A427F37AA9002A092E /* TodoAppTests */ = {
			isa = PBXNativeTarget;
			buildConfigurationList = C4CF83BC27F37AA9002A092E /* Build configuration list for PBXNativeTarget "TodoAppTests" */;
			buildPhases = (
				C4CF83A127F37AA9002A092E /* Sources */,
				C4CF83A227F37AA9002A092E /* Frameworks */,
				C4CF83A327F37AA9002A092E /* Resources */,
			);
			buildRules = (
			);
			dependencies = (
				C4CF83A727F37AA9002A092E /* PBXTargetDependency */,
			);
			name = TodoAppTests;
			productName = TodoAppTests;
			productReference = C4CF83A527F37AA9002A092E /* TodoAppTests.xctest */;
			productType = "com.apple.product-type.bundle.unit-test";
		};
		C4CF83AE27F37AA9002A092E /* TodoAppUITests */ = {
			isa = PBXNativeTarget;
			buildConfigurationList = C4CF83BF27F37AA9002A092E /* Build configuration list for PBXNativeTarget "TodoAppUITests" */;
			buildPhases = (
				C4CF83AB27F37AA9002A092E /* Sources */,
				C4CF83AC27F37AA9002A092E /* Frameworks */,
				C4CF83AD27F37AA9002A092E /* Resources */,
			);
			buildRules = (
			);
			dependencies = (
				C4CF83B127F37AA9002A092E /* PBXTargetDependency */,
			);
			name = TodoAppUITests;
			productName = TodoAppUITests;
			productReference = C4CF83AF27F37AA9002A092E /* TodoAppUITests.xctest */;
			productType = "com.apple.product-type.bundle.ui-testing";
		};
/* End PBXNativeTarget section */

/* Begin PBXProject section */
		C4CF838727F37AA5002A092E /* Project object */ = {
			isa = PBXProject;
			attributes = {
				BuildIndependentTargetsInParallel = 1;
				LastSwiftUpdateCheck = 1320;
				LastUpgradeCheck = 1320;
				TargetAttributes = {
					C4CF838E27F37AA5002A092E = {
						CreatedOnToolsVersion = 13.2.1;
					};
					C4CF83A427F37AA9002A092E = {
						CreatedOnToolsVersion = 13.2.1;
						TestTargetID = C4CF838E27F37AA5002A092E;
					};
					C4CF83AE27F37AA9002A092E = {
						CreatedOnToolsVersion = 13.2.1;
						TestTargetID = C4CF838E27F37AA5002A092E;
					};
				};
			};
			buildConfigurationList = C4CF838A27F37AA5002A092E /* Build configuration list for PBXProject "TodoApp" */;
			compatibilityVersion = "Xcode 13.0";
			developmentRegion = en;
			hasScannedForEncodings = 0;
			knownRegions = (
				en,
				Base,
			);
			mainGroup = C4CF838627F37AA5002A092E;
			productRefGroup = C4CF839027F37AA5002A092E /* Products */;
			projectDirPath = "";
			projectRoot = "";
			targets = (
				C4CF838E27F37AA5002A092E /* TodoApp */,
				C4CF83A427F37AA9002A092E /* TodoAppTests */,
				C4CF83AE27F37AA9002A092E /* TodoAppUITests */,
			);
		};
/* End PBXProject section */

/* Begin PBXResourcesBuildPhase section */
		C4CF838D27F37AA5002A092E /* Resources */ = {
			isa = PBXResourcesBuildPhase;
			buildActionMask = 2147483647;
			files = (
				C4CF839F27F37AA8002A092E /* LaunchScreen.storyboard in Resources */,
				C4CF839C27F37AA8002A092E /* Assets.xcassets in Resources */,
			);
			runOnlyForDeploymentPostprocessing = 0;
		};
		C4CF83A327F37AA9002A092E /* Resources */ = {
			isa = PBXResourcesBuildPhase;
			buildActionMask = 2147483647;
			files = (
			);
			runOnlyForDeploymentPostprocessing = 0;
		};
		C4CF83AD27F37AA9002A092E /* Resources */ = {
			isa = PBXResourcesBuildPhase;
			buildActionMask = 2147483647;
			files = (
			);
			runOnlyForDeploymentPostprocessing = 0;
		};
/* End PBXResourcesBuildPhase section */

/* Begin PBXSourcesBuildPhase section */
		C4CF838B27F37AA5002A092E /* Sources */ = {
			isa = PBXSourcesBuildPhase;
			buildActionMask = 2147483647;
			files = (
				C4CF83C327F37BE8002A092E /* AppCoordinator.swift in Sources */,
				C4CF839327F37AA5002A092E /* AppDelegate.swift in Sources */,
			);
			runOnlyForDeploymentPostprocessing = 0;
		};
		C4CF83A127F37AA9002A092E /* Sources */ = {
			isa = PBXSourcesBuildPhase;
			buildActionMask = 2147483647;
			files = (
				C4CF83AA27F37AA9002A092E /* TodoAppTests.swift in Sources */,
			);
			runOnlyForDeploymentPostprocessing = 0;
		};
		C4CF83AB27F37AA9002A092E /* Sources */ = {
			isa = PBXSourcesBuildPhase;
			buildActionMask = 2147483647;
			files = (
				C4CF83B627F37AA9002A092E /* TodoAppUITestsLaunchTests.swift in Sources */,
				C4CF83B427F37AA9002A092E /* TodoAppUITests.swift in Sources */,
			);
			runOnlyForDeploymentPostprocessing = 0;
		};
/* End PBXSourcesBuildPhase section */

/* Begin PBXTargetDependency section */
		C4CF83A727F37AA9002A092E /* PBXTargetDependency */ = {
			isa = PBXTargetDependency;
			target = C4CF838E27F37AA5002A092E /* TodoApp */;
			targetProxy = C4CF83A627F37AA9002A092E /* PBXContainerItemProxy */;
		};
		C4CF83B127F37AA9002A092E /* PBXTargetDependency */ = {
			isa = PBXTargetDependency;
			target = C4CF838E27F37AA5002A092E /* TodoApp */;
			targetProxy = C4CF83B027F37AA9002A092E /* PBXContainerItemProxy */;
		};
/* End PBXTargetDependency section */

/* Begin PBXVariantGroup section */
		C4CF839D27F37AA8002A092E /* LaunchScreen.storyboard */ = {
			isa = PBXVariantGroup;
			children = (
				C4CF839E27F37AA8002A092E /* Base */,
			);
			name = LaunchScreen.storyboard;
			sourceTree = "<group>";
		};
/* End PBXVariantGroup section */

/* Begin XCBuildConfiguration section */
		C4CF83B727F37AA9002A092E /* Debug */ = {
			isa = XCBuildConfiguration;
			buildSettings = {
				ALWAYS_SEARCH_USER_PATHS = NO;
				CLANG_ANALYZER_NONNULL = YES;
				CLANG_ANALYZER_NUMBER_OBJECT_CONVERSION = YES_AGGRESSIVE;
				CLANG_CXX_LANGUAGE_STANDARD = "gnu++17";
				CLANG_CXX_LIBRARY = "libc++";
				CLANG_ENABLE_MODULES = YES;
				CLANG_ENABLE_OBJC_ARC = YES;
				CLANG_ENABLE_OBJC_WEAK = YES;
				CLANG_WARN_BLOCK_CAPTURE_AUTORELEASING = YES;
				CLANG_WARN_BOOL_CONVERSION = YES;
				CLANG_WARN_COMMA = YES;
				CLANG_WARN_CONSTANT_CONVERSION = YES;
				CLANG_WARN_DEPRECATED_OBJC_IMPLEMENTATIONS = YES;
				CLANG_WARN_DIRECT_OBJC_ISA_USAGE = YES_ERROR;
				CLANG_WARN_DOCUMENTATION_COMMENTS = YES;
				CLANG_WARN_EMPTY_BODY = YES;
				CLANG_WARN_ENUM_CONVERSION = YES;
				CLANG_WARN_INFINITE_RECURSION = YES;
				CLANG_WARN_INT_CONVERSION = YES;
				CLANG_WARN_NON_LITERAL_NULL_CONVERSION = YES;
				CLANG_WARN_OBJC_IMPLICIT_RETAIN_SELF = YES;
				CLANG_WARN_OBJC_LITERAL_CONVERSION = YES;
				CLANG_WARN_OBJC_ROOT_CLASS = YES_ERROR;
				CLANG_WARN_QUOTED_INCLUDE_IN_FRAMEWORK_HEADER = YES;
				CLANG_WARN_RANGE_LOOP_ANALYSIS = YES;
				CLANG_WARN_STRICT_PROTOTYPES = YES;
				CLANG_WARN_SUSPICIOUS_MOVE = YES;
				CLANG_WARN_UNGUARDED_AVAILABILITY = YES_AGGRESSIVE;
				CLANG_WARN_UNREACHABLE_CODE = YES;
				CLANG_WARN__DUPLICATE_METHOD_MATCH = YES;
				COPY_PHASE_STRIP = NO;
				DEBUG_INFORMATION_FORMAT = dwarf;
				ENABLE_STRICT_OBJC_MSGSEND = YES;
				ENABLE_TESTABILITY = YES;
				GCC_C_LANGUAGE_STANDARD = gnu11;
				GCC_DYNAMIC_NO_PIC = NO;
				GCC_NO_COMMON_BLOCKS = YES;
				GCC_OPTIMIZATION_LEVEL = 0;
				GCC_PREPROCESSOR_DEFINITIONS = (
					"DEBUG=1",
					"$(inherited)",
				);
				GCC_WARN_64_TO_32_BIT_CONVERSION = YES;
				GCC_WARN_ABOUT_RETURN_TYPE = YES_ERROR;
				GCC_WARN_UNDECLARED_SELECTOR = YES;
				GCC_WARN_UNINITIALIZED_AUTOS = YES_AGGRESSIVE;
				GCC_WARN_UNUSED_FUNCTION = YES;
				GCC_WARN_UNUSED_VARIABLE = YES;
				IPHONEOS_DEPLOYMENT_TARGET = 15.2;
				MTL_ENABLE_DEBUG_INFO = INCLUDE_SOURCE;
				MTL_FAST_MATH = YES;
				ONLY_ACTIVE_ARCH = YES;
				SDKROOT = iphoneos;
				SWIFT_ACTIVE_COMPILATION_CONDITIONS = DEBUG;
				SWIFT_OPTIMIZATION_LEVEL = "-Onone";
			};
			name = Debug;
		};
		C4CF83B827F37AA9002A092E /* Release */ = {
			isa = XCBuildConfiguration;
			buildSettings = {
				ALWAYS_SEARCH_USER_PATHS = NO;
				CLANG_ANALYZER_NONNULL = YES;
				CLANG_ANALYZER_NUMBER_OBJECT_CONVERSION = YES_AGGRESSIVE;
				CLANG_CXX_LANGUAGE_STANDARD = "gnu++17";
				CLANG_CXX_LIBRARY = "libc++";
				CLANG_ENABLE_MODULES = YES;
				CLANG_ENABLE_OBJC_ARC = YES;
				CLANG_ENABLE_OBJC_WEAK = YES;
				CLANG_WARN_BLOCK_CAPTURE_AUTORELEASING = YES;
				CLANG_WARN_BOOL_CONVERSION = YES;
				CLANG_WARN_COMMA = YES;
				CLANG_WARN_CONSTANT_CONVERSION = YES;
				CLANG_WARN_DEPRECATED_OBJC_IMPLEMENTATIONS = YES;
				CLANG_WARN_DIRECT_OBJC_ISA_USAGE = YES_ERROR;
				CLANG_WARN_DOCUMENTATION_COMMENTS = YES;
				CLANG_WARN_EMPTY_BODY = YES;
				CLANG_WARN_ENUM_CONVERSION = YES;
				CLANG_WARN_INFINITE_RECURSION = YES;
				CLANG_WARN_INT_CONVERSION = YES;
				CLANG_WARN_NON_LITERAL_NULL_CONVERSION = YES;
				CLANG_WARN_OBJC_IMPLICIT_RETAIN_SELF = YES;
				CLANG_WARN_OBJC_LITERAL_CONVERSION = YES;
				CLANG_WARN_OBJC_ROOT_CLASS = YES_ERROR;
				CLANG_WARN_QUOTED_INCLUDE_IN_FRAMEWORK_HEADER = YES;
				CLANG_WARN_RANGE_LOOP_ANALYSIS = YES;
				CLANG_WARN_STRICT_PROTOTYPES = YES;
				CLANG_WARN_SUSPICIOUS_MOVE = YES;
				CLANG_WARN_UNGUARDED_AVAILABILITY = YES_AGGRESSIVE;
				CLANG_WARN_UNREACHABLE_CODE = YES;
				CLANG_WARN__DUPLICATE_METHOD_MATCH = YES;
				COPY_PHASE_STRIP = NO;
				DEBUG_INFORMATION_FORMAT = "dwarf-with-dsym";
				ENABLE_NS_ASSERTIONS = NO;
				ENABLE_STRICT_OBJC_MSGSEND = YES;
				GCC_C_LANGUAGE_STANDARD = gnu11;
				GCC_NO_COMMON_BLOCKS = YES;
				GCC_WARN_64_TO_32_BIT_CONVERSION = YES;
				GCC_WARN_ABOUT_RETURN_TYPE = YES_ERROR;
				GCC_WARN_UNDECLARED_SELECTOR = YES;
				GCC_WARN_UNINITIALIZED_AUTOS = YES_AGGRESSIVE;
				GCC_WARN_UNUSED_FUNCTION = YES;
				GCC_WARN_UNUSED_VARIABLE = YES;
				IPHONEOS_DEPLOYMENT_TARGET = 15.2;
				MTL_ENABLE_DEBUG_INFO = NO;
				MTL_FAST_MATH = YES;
				SDKROOT = iphoneos;
				SWIFT_COMPILATION_MODE = wholemodule;
				SWIFT_OPTIMIZATION_LEVEL = "-O";
				VALIDATE_PRODUCT = YES;
			};
			name = Release;
		};
		C4CF83BA27F37AA9002A092E /* Debug */ = {
			isa = XCBuildConfiguration;
			buildSettings = {
				ASSETCATALOG_COMPILER_APPICON_NAME = AppIcon;
				ASSETCATALOG_COMPILER_GLOBAL_ACCENT_COLOR_NAME = AccentColor;
				CODE_SIGN_STYLE = Automatic;
				CURRENT_PROJECT_VERSION = 1;
				GENERATE_INFOPLIST_FILE = YES;
				INFOPLIST_FILE = TodoApp/Info.plist;
				INFOPLIST_KEY_UIApplicationSupportsIndirectInputEvents = YES;
				INFOPLIST_KEY_UILaunchStoryboardName = LaunchScreen;
				INFOPLIST_KEY_UISupportedInterfaceOrientations_iPad = "UIInterfaceOrientationPortrait UIInterfaceOrientationPortraitUpsideDown UIInterfaceOrientationLandscapeLeft UIInterfaceOrientationLandscapeRight";
				INFOPLIST_KEY_UISupportedInterfaceOrientations_iPhone = "UIInterfaceOrientationPortrait UIInterfaceOrientationLandscapeLeft UIInterfaceOrientationLandscapeRight";
				LD_RUNPATH_SEARCH_PATHS = (
					"$(inherited)",
					"@executable_path/Frameworks",
				);
				MARKETING_VERSION = 1.0;
				PRODUCT_BUNDLE_IDENTIFIER = todoapp.TodoApp;
				PRODUCT_NAME = "$(TARGET_NAME)";
				SWIFT_EMIT_LOC_STRINGS = YES;
				SWIFT_VERSION = 5.0;
				TARGETED_DEVICE_FAMILY = "1,2";
			};
			name = Debug;
		};
		C4CF83BB27F37AA9002A092E /* Release */ = {
			isa = XCBuildConfiguration;
			buildSettings = {
				ASSETCATALOG_COMPILER_APPICON_NAME = AppIcon;
				ASSETCATALOG_COMPILER_GLOBAL_ACCENT_COLOR_NAME = AccentColor;
				CODE_SIGN_STYLE = Automatic;
				CURRENT_PROJECT_VERSION = 1;
				GENERATE_INFOPLIST_FILE = YES;
				INFOPLIST_FILE = TodoApp/Info.plist;
				INFOPLIST_KEY_UIApplicationSupportsIndirectInputEvents = YES;
				INFOPLIST_KEY_UILaunchStoryboardName = LaunchScreen;
				INFOPLIST_KEY_UISupportedInterfaceOrientations_iPad = "UIInterfaceOrientationPortrait UIInterfaceOrientationPortraitUpsideDown UIInterfaceOrientationLandscapeLeft UIInterfaceOrientationLandscapeRight";
				INFOPLIST_KEY_UISupportedInterfaceOrientations_iPhone = "UIInterfaceOrientationPortrait UIInterfaceOrientationLandscapeLeft UIInterfaceOrientationLandscapeRight";
				LD_RUNPATH_SEARCH_PATHS = (
					"$(inherited)",
					"@executable_path/Frameworks",
				);
				MARKETING_VERSION = 1.0;
				PRODUCT_BUNDLE_IDENTIFIER = todoapp.TodoApp;
				PRODUCT_NAME = "$(TARGET_NAME)";
				SWIFT_EMIT_LOC_STRINGS = YES;
				SWIFT_VERSION = 5.0;
				TARGETED_DEVICE_FAMILY = "1,2";
			};
			name = Release;
		};
		C4CF83BD27F37AA9002A092E /* Debug */ = {
			isa = XCBuildConfiguration;
			buildSettings = {
				ALWAYS_EMBED_SWIFT_STANDARD_LIBRARIES = YES;
				BUNDLE_LOADER = "$(TEST_HOST)";
				CODE_SIGN_STYLE = Automatic;
				CURRENT_PROJECT_VERSION = 1;
				GENERATE_INFOPLIST_FILE = YES;
				IPHONEOS_DEPLOYMENT_TARGET = 15.2;
				MARKETING_VERSION = 1.0;
				PRODUCT_BUNDLE_IDENTIFIER = todoapp.TodoAppTests;
				PRODUCT_NAME = "$(TARGET_NAME)";
				SWIFT_EMIT_LOC_STRINGS = NO;
				SWIFT_VERSION = 5.0;
				TARGETED_DEVICE_FAMILY = "1,2";
				TEST_HOST = "$(BUILT_PRODUCTS_DIR)/TodoApp.app/TodoApp";
			};
			name = Debug;
		};
		C4CF83BE27F37AA9002A092E /* Release */ = {
			isa = XCBuildConfiguration;
			buildSettings = {
				ALWAYS_EMBED_SWIFT_STANDARD_LIBRARIES = YES;
				BUNDLE_LOADER = "$(TEST_HOST)";
				CODE_SIGN_STYLE = Automatic;
				CURRENT_PROJECT_VERSION = 1;
				GENERATE_INFOPLIST_FILE = YES;
				IPHONEOS_DEPLOYMENT_TARGET = 15.2;
				MARKETING_VERSION = 1.0;
				PRODUCT_BUNDLE_IDENTIFIER = todoapp.TodoAppTests;
				PRODUCT_NAME = "$(TARGET_NAME)";
				SWIFT_EMIT_LOC_STRINGS = NO;
				SWIFT_VERSION = 5.0;
				TARGETED_DEVICE_FAMILY = "1,2";
				TEST_HOST = "$(BUILT_PRODUCTS_DIR)/TodoApp.app/TodoApp";
			};
			name = Release;
		};
		C4CF83C027F37AA9002A092E /* Debug */ = {
			isa = XCBuildConfiguration;
			buildSettings = {
				ALWAYS_EMBED_SWIFT_STANDARD_LIBRARIES = YES;
				CODE_SIGN_STYLE = Automatic;
				CURRENT_PROJECT_VERSION = 1;
				GENERATE_INFOPLIST_FILE = YES;
				MARKETING_VERSION = 1.0;
				PRODUCT_BUNDLE_IDENTIFIER = todoapp.TodoAppUITests;
				PRODUCT_NAME = "$(TARGET_NAME)";
				SWIFT_EMIT_LOC_STRINGS = NO;
				SWIFT_VERSION = 5.0;
				TARGETED_DEVICE_FAMILY = "1,2";
				TEST_TARGET_NAME = TodoApp;
			};
			name = Debug;
		};
		C4CF83C127F37AA9002A092E /* Release */ = {
			isa = XCBuildConfiguration;
			buildSettings = {
				ALWAYS_EMBED_SWIFT_STANDARD_LIBRARIES = YES;
				CODE_SIGN_STYLE = Automatic;
				CURRENT_PROJECT_VERSION = 1;
				GENERATE_INFOPLIST_FILE = YES;
				MARKETING_VERSION = 1.0;
				PRODUCT_BUNDLE_IDENTIFIER = todoapp.TodoAppUITests;
				PRODUCT_NAME = "$(TARGET_NAME)";
				SWIFT_EMIT_LOC_STRINGS = NO;
				SWIFT_VERSION = 5.0;
				TARGETED_DEVICE_FAMILY = "1,2";
				TEST_TARGET_NAME = TodoApp;
			};
			name = Release;
		};
/* End XCBuildConfiguration section */

/* Begin XCConfigurationList section */
		C4CF838A27F37AA5002A092E /* Build configuration list for PBXProject "TodoApp" */ = {
			isa = XCConfigurationList;
			buildConfigurations = (
				C4CF83B727F37AA9002A092E /* Debug */,
				C4CF83B827F37AA9002A092E /* Release */,
			);
			defaultConfigurationIsVisible = 0;
			defaultConfigurationName = Release;
		};
		C4CF83B927F37AA9002A092E /* Build configuration list for PBXNativeTarget "TodoApp" */ = {
			isa = XCConfigurationList;
			buildConfigurations = (
				C4CF83BA27F37AA9002A092E /* Debug */,
				C4CF83BB27F37AA9002A092E /* Release */,
			);
			defaultConfigurationIsVisible = 0;
			defaultConfigurationName = Release;
		};
		C4CF83BC27F37AA9002A092E /* Build configuration list for PBXNativeTarget "TodoAppTests" */ = {
			isa = XCConfigurationList;
			buildConfigurations = (
				C4CF83BD27F37AA9002A092E /* Debug */,
				C4CF83BE27F37AA9002A092E /* Release */,
			);
			defaultConfigurationIsVisible = 0;
			defaultConfigurationName = Release;
		};
		C4CF83BF27F37AA9002A092E /* Build configuration list for PBXNativeTarget "TodoAppUITests" */ = {
			isa = XCConfigurationList;
			buildConfigurations = (
				C4CF83C027F37AA9002A092E /* Debug */,
				C4CF83C127F37AA9002A092E /* Release */,
			);
			defaultConfigurationIsVisible = 0;
			defaultConfigurationName = Release;
		};
/* End XCConfigurationList section */
	};
	rootObject = C4CF838727F37AA5002A092E /* Project object */;
}
